// !$*UTF8*$!
{
	archiveVersion = 1;
	classes = {
	};
	objectVersion = 46;
	objects = {

/* Begin PBXBuildFile section */
		A046578E1D6621DB00963F29 /* AppDelegate.swift in Sources */ = {isa = PBXBuildFile; fileRef = A046578D1D6621DB00963F29 /* AppDelegate.swift */; };
		A04657901D6621DB00963F29 /* ViewController.swift in Sources */ = {isa = PBXBuildFile; fileRef = A046578F1D6621DB00963F29 /* ViewController.swift */; };
		A04657931D6621DB00963F29 /* Main.storyboard in Resources */ = {isa = PBXBuildFile; fileRef = A04657911D6621DB00963F29 /* Main.storyboard */; };
		A04657951D6621DB00963F29 /* Assets.xcassets in Resources */ = {isa = PBXBuildFile; fileRef = A04657941D6621DB00963F29 /* Assets.xcassets */; };
		A04657981D6621DB00963F29 /* LaunchScreen.storyboard in Resources */ = {isa = PBXBuildFile; fileRef = A04657961D6621DB00963F29 /* LaunchScreen.storyboard */; };
		A04657A31D6621DC00963F29 /* UIScrollViewTests.swift in Sources */ = {isa = PBXBuildFile; fileRef = A04657A21D6621DC00963F29 /* UIScrollViewTests.swift */; };
		A04657AE1D6621DC00963F29 /* UIScrollViewUITests.swift in Sources */ = {isa = PBXBuildFile; fileRef = A04657AD1D6621DC00963F29 /* UIScrollViewUITests.swift */; };
/* End PBXBuildFile section */

/* Begin PBXContainerItemProxy section */
		A046579F1D6621DC00963F29 /* PBXContainerItemProxy */ = {
			isa = PBXContainerItemProxy;
			containerPortal = A04657821D6621DB00963F29 /* Project object */;
			proxyType = 1;
			remoteGlobalIDString = A04657891D6621DB00963F29;
			remoteInfo = UIScrollView;
		};
		A04657AA1D6621DC00963F29 /* PBXContainerItemProxy */ = {
			isa = PBXContainerItemProxy;
			containerPortal = A04657821D6621DB00963F29 /* Project object */;
			proxyType = 1;
			remoteGlobalIDString = A04657891D6621DB00963F29;
			remoteInfo = UIScrollView;
		};
/* End PBXContainerItemProxy section */

/* Begin PBXFileReference section */
		A046578A1D6621DB00963F29 /* UIScrollView.app */ = {isa = PBXFileReference; explicitFileType = wrapper.application; includeInIndex = 0; path = UIScrollView.app; sourceTree = BUILT_PRODUCTS_DIR; };
		A046578D1D6621DB00963F29 /* AppDelegate.swift */ = {isa = PBXFileReference; lastKnownFileType = sourcecode.swift; path = AppDelegate.swift; sourceTree = "<group>"; };
		A046578F1D6621DB00963F29 /* ViewController.swift */ = {isa = PBXFileReference; lastKnownFileType = sourcecode.swift; path = ViewController.swift; sourceTree = "<group>"; };
		A04657921D6621DB00963F29 /* Base */ = {isa = PBXFileReference; lastKnownFileType = file.storyboard; name = Base; path = Base.lproj/Main.storyboard; sourceTree = "<group>"; };
		A04657941D6621DB00963F29 /* Assets.xcassets */ = {isa = PBXFileReference; lastKnownFileType = folder.assetcatalog; path = Assets.xcassets; sourceTree = "<group>"; };
		A04657971D6621DB00963F29 /* Base */ = {isa = PBXFileReference; lastKnownFileType = file.storyboard; name = Base; path = Base.lproj/LaunchScreen.storyboard; sourceTree = "<group>"; };
		A04657991D6621DB00963F29 /* Info.plist */ = {isa = PBXFileReference; lastKnownFileType = text.plist.xml; path = Info.plist; sourceTree = "<group>"; };
		A046579E1D6621DC00963F29 /* UIScrollViewTests.xctest */ = {isa = PBXFileReference; explicitFileType = wrapper.cfbundle; includeInIndex = 0; path = UIScrollViewTests.xctest; sourceTree = BUILT_PRODUCTS_DIR; };
		A04657A21D6621DC00963F29 /* UIScrollViewTests.swift */ = {isa = PBXFileReference; lastKnownFileType = sourcecode.swift; path = UIScrollViewTests.swift; sourceTree = "<group>"; };
		A04657A41D6621DC00963F29 /* Info.plist */ = {isa = PBXFileReference; lastKnownFileType = text.plist.xml; path = Info.plist; sourceTree = "<group>"; };
		A04657A91D6621DC00963F29 /* UIScrollViewUITests.xctest */ = {isa = PBXFileReference; explicitFileType = wrapper.cfbundle; includeInIndex = 0; path = UIScrollViewUITests.xctest; sourceTree = BUILT_PRODUCTS_DIR; };
		A04657AD1D6621DC00963F29 /* UIScrollViewUITests.swift */ = {isa = PBXFileReference; lastKnownFileType = sourcecode.swift; path = UIScrollViewUITests.swift; sourceTree = "<group>"; };
		A04657AF1D6621DC00963F29 /* Info.plist */ = {isa = PBXFileReference; lastKnownFileType = text.plist.xml; path = Info.plist; sourceTree = "<group>"; };
/* End PBXFileReference section */

/* Begin PBXFrameworksBuildPhase section */
		A04657871D6621DB00963F29 /* Frameworks */ = {
			isa = PBXFrameworksBuildPhase;
			buildActionMask = 2147483647;
			files = (
			);
			runOnlyForDeploymentPostprocessing = 0;
		};
		A046579B1D6621DC00963F29 /* Frameworks */ = {
			isa = PBXFrameworksBuildPhase;
			buildActionMask = 2147483647;
			files = (
			);
			runOnlyForDeploymentPostprocessing = 0;
		};
		A04657A61D6621DC00963F29 /* Frameworks */ = {
			isa = PBXFrameworksBuildPhase;
			buildActionMask = 2147483647;
			files = (
			);
			runOnlyForDeploymentPostprocessing = 0;
		};
/* End PBXFrameworksBuildPhase section */

/* Begin PBXGroup section */
		A04657811D6621DB00963F29 = {
			isa = PBXGroup;
			children = (
				A046578C1D6621DB00963F29 /* UIScrollView */,
				A04657A11D6621DC00963F29 /* UIScrollViewTests */,
				A04657AC1D6621DC00963F29 /* UIScrollViewUITests */,
				A046578B1D6621DB00963F29 /* Products */,
			);
			sourceTree = "<group>";
		};
		A046578B1D6621DB00963F29 /* Products */ = {
			isa = PBXGroup;
			children = (
				A046578A1D6621DB00963F29 /* UIScrollView.app */,
				A046579E1D6621DC00963F29 /* UIScrollViewTests.xctest */,
				A04657A91D6621DC00963F29 /* UIScrollViewUITests.xctest */,
			);
			name = Products;
			sourceTree = "<group>";
		};
		A046578C1D6621DB00963F29 /* UIScrollView */ = {
			isa = PBXGroup;
			children = (
				A046578D1D6621DB00963F29 /* AppDelegate.swift */,
				A046578F1D6621DB00963F29 /* ViewController.swift */,
				A04657911D6621DB00963F29 /* Main.storyboard */,
				A04657941D6621DB00963F29 /* Assets.xcassets */,
				A04657961D6621DB00963F29 /* LaunchScreen.storyboard */,
				A04657991D6621DB00963F29 /* Info.plist */,
			);
			path = UIScrollView;
			sourceTree = "<group>";
		};
		A04657A11D6621DC00963F29 /* UIScrollViewTests */ = {
			isa = PBXGroup;
			children = (
				A04657A21D6621DC00963F29 /* UIScrollViewTests.swift */,
				A04657A41D6621DC00963F29 /* Info.plist */,
			);
			path = UIScrollViewTests;
			sourceTree = "<group>";
		};
		A04657AC1D6621DC00963F29 /* UIScrollViewUITests */ = {
			isa = PBXGroup;
			children = (
				A04657AD1D6621DC00963F29 /* UIScrollViewUITests.swift */,
				A04657AF1D6621DC00963F29 /* Info.plist */,
			);
			path = UIScrollViewUITests;
			sourceTree = "<group>";
		};
/* End PBXGroup section */

/* Begin PBXNativeTarget section */
		A04657891D6621DB00963F29 /* UIScrollView */ = {
			isa = PBXNativeTarget;
			buildConfigurationList = A04657B21D6621DC00963F29 /* Build configuration list for PBXNativeTarget "UIScrollView" */;
			buildPhases = (
				A04657861D6621DB00963F29 /* Sources */,
				A04657871D6621DB00963F29 /* Frameworks */,
				A04657881D6621DB00963F29 /* Resources */,
			);
			buildRules = (
			);
			dependencies = (
			);
			name = UIScrollView;
			productName = UIScrollView;
			productReference = A046578A1D6621DB00963F29 /* UIScrollView.app */;
			productType = "com.apple.product-type.application";
		};
		A046579D1D6621DC00963F29 /* UIScrollViewTests */ = {
			isa = PBXNativeTarget;
			buildConfigurationList = A04657B51D6621DC00963F29 /* Build configuration list for PBXNativeTarget "UIScrollViewTests" */;
			buildPhases = (
				A046579A1D6621DC00963F29 /* Sources */,
				A046579B1D6621DC00963F29 /* Frameworks */,
				A046579C1D6621DC00963F29 /* Resources */,
			);
			buildRules = (
			);
			dependencies = (
				A04657A01D6621DC00963F29 /* PBXTargetDependency */,
			);
			name = UIScrollViewTests;
			productName = UIScrollViewTests;
			productReference = A046579E1D6621DC00963F29 /* UIScrollViewTests.xctest */;
			productType = "com.apple.product-type.bundle.unit-test";
		};
		A04657A81D6621DC00963F29 /* UIScrollViewUITests */ = {
			isa = PBXNativeTarget;
			buildConfigurationList = A04657B81D6621DC00963F29 /* Build configuration list for PBXNativeTarget "UIScrollViewUITests" */;
			buildPhases = (
				A04657A51D6621DC00963F29 /* Sources */,
				A04657A61D6621DC00963F29 /* Frameworks */,
				A04657A71D6621DC00963F29 /* Resources */,
			);
			buildRules = (
			);
			dependencies = (
				A04657AB1D6621DC00963F29 /* PBXTargetDependency */,
			);
			name = UIScrollViewUITests;
			productName = UIScrollViewUITests;
			productReference = A04657A91D6621DC00963F29 /* UIScrollViewUITests.xctest */;
			productType = "com.apple.product-type.bundle.ui-testing";
		};
/* End PBXNativeTarget section */

/* Begin PBXProject section */
		A04657821D6621DB00963F29 /* Project object */ = {
			isa = PBXProject;
			attributes = {
				LastSwiftUpdateCheck = 0800;
				LastUpgradeCheck = 0800;
				ORGANIZATIONNAME = "Clay Tsuhako";
				TargetAttributes = {
					A04657891D6621DB00963F29 = {
						CreatedOnToolsVersion = 8.0;
						ProvisioningStyle = Automatic;
					};
					A046579D1D6621DC00963F29 = {
						CreatedOnToolsVersion = 8.0;
						ProvisioningStyle = Automatic;
						TestTargetID = A04657891D6621DB00963F29;
					};
					A04657A81D6621DC00963F29 = {
						CreatedOnToolsVersion = 8.0;
						ProvisioningStyle = Automatic;
						TestTargetID = A04657891D6621DB00963F29;
					};
				};
			};
			buildConfigurationList = A04657851D6621DB00963F29 /* Build configuration list for PBXProject "UIScrollView" */;
			compatibilityVersion = "Xcode 3.2";
			developmentRegion = English;
			hasScannedForEncodings = 0;
			knownRegions = (
				en,
				Base,
			);
			mainGroup = A04657811D6621DB00963F29;
			productRefGroup = A046578B1D6621DB00963F29 /* Products */;
			projectDirPath = "";
			projectRoot = "";
			targets = (
				A04657891D6621DB00963F29 /* UIScrollView */,
				A046579D1D6621DC00963F29 /* UIScrollViewTests */,
				A04657A81D6621DC00963F29 /* UIScrollViewUITests */,
			);
		};
/* End PBXProject section */

/* Begin PBXResourcesBuildPhase section */
		A04657881D6621DB00963F29 /* Resources */ = {
			isa = PBXResourcesBuildPhase;
			buildActionMask = 2147483647;
			files = (
				A04657981D6621DB00963F29 /* LaunchScreen.storyboard in Resources */,
				A04657951D6621DB00963F29 /* Assets.xcassets in Resources */,
				A04657931D6621DB00963F29 /* Main.storyboard in Resources */,
			);
			runOnlyForDeploymentPostprocessing = 0;
		};
		A046579C1D6621DC00963F29 /* Resources */ = {
			isa = PBXResourcesBuildPhase;
			buildActionMask = 2147483647;
			files = (
			);
			runOnlyForDeploymentPostprocessing = 0;
		};
		A04657A71D6621DC00963F29 /* Resources */ = {
			isa = PBXResourcesBuildPhase;
			buildActionMask = 2147483647;
			files = (
			);
			runOnlyForDeploymentPostprocessing = 0;
		};
/* End PBXResourcesBuildPhase section */

/* Begin PBXSourcesBuildPhase section */
		A04657861D6621DB00963F29 /* Sources */ = {
			isa = PBXSourcesBuildPhase;
			buildActionMask = 2147483647;
			files = (
				A04657901D6621DB00963F29 /* ViewController.swift in Sources */,
				A046578E1D6621DB00963F29 /* AppDelegate.swift in Sources */,
			);
			runOnlyForDeploymentPostprocessing = 0;
		};
		A046579A1D6621DC00963F29 /* Sources */ = {
			isa = PBXSourcesBuildPhase;
			buildActionMask = 2147483647;
			files = (
				A04657A31D6621DC00963F29 /* UIScrollViewTests.swift in Sources */,
			);
			runOnlyForDeploymentPostprocessing = 0;
		};
		A04657A51D6621DC00963F29 /* Sources */ = {
			isa = PBXSourcesBuildPhase;
			buildActionMask = 2147483647;
			files = (
				A04657AE1D6621DC00963F29 /* UIScrollViewUITests.swift in Sources */,
			);
			runOnlyForDeploymentPostprocessing = 0;
		};
/* End PBXSourcesBuildPhase section */

/* Begin PBXTargetDependency section */
		A04657A01D6621DC00963F29 /* PBXTargetDependency */ = {
			isa = PBXTargetDependency;
			target = A04657891D6621DB00963F29 /* UIScrollView */;
			targetProxy = A046579F1D6621DC00963F29 /* PBXContainerItemProxy */;
		};
		A04657AB1D6621DC00963F29 /* PBXTargetDependency */ = {
			isa = PBXTargetDependency;
			target = A04657891D6621DB00963F29 /* UIScrollView */;
			targetProxy = A04657AA1D6621DC00963F29 /* PBXContainerItemProxy */;
		};
/* End PBXTargetDependency section */

/* Begin PBXVariantGroup section */
		A04657911D6621DB00963F29 /* Main.storyboard */ = {
			isa = PBXVariantGroup;
			children = (
				A04657921D6621DB00963F29 /* Base */,
			);
			name = Main.storyboard;
			sourceTree = "<group>";
		};
		A04657961D6621DB00963F29 /* LaunchScreen.storyboard */ = {
			isa = PBXVariantGroup;
			children = (
				A04657971D6621DB00963F29 /* Base */,
			);
			name = LaunchScreen.storyboard;
			sourceTree = "<group>";
		};
/* End PBXVariantGroup section */

/* Begin XCBuildConfiguration section */
		A04657B01D6621DC00963F29 /* Debug */ = {
			isa = XCBuildConfiguration;
			buildSettings = {
				ALWAYS_SEARCH_USER_PATHS = NO;
				CLANG_ANALYZER_NONNULL = YES;
				CLANG_CXX_LANGUAGE_STANDARD = "gnu++0x";
				CLANG_CXX_LIBRARY = "libc++";
				CLANG_ENABLE_MODULES = YES;
				CLANG_ENABLE_OBJC_ARC = YES;
				CLANG_WARN_BOOL_CONVERSION = YES;
				CLANG_WARN_CONSTANT_CONVERSION = YES;
				CLANG_WARN_DIRECT_OBJC_ISA_USAGE = YES_ERROR;
				CLANG_WARN_DOCUMENTATION_COMMENTS = YES;
				CLANG_WARN_EMPTY_BODY = YES;
				CLANG_WARN_ENUM_CONVERSION = YES;
				CLANG_WARN_INFINITE_RECURSION = YES;
				CLANG_WARN_INT_CONVERSION = YES;
				CLANG_WARN_OBJC_ROOT_CLASS = YES_ERROR;
				CLANG_WARN_SUSPICIOUS_MOVES = YES;
				CLANG_WARN_UNREACHABLE_CODE = YES;
				CLANG_WARN__DUPLICATE_METHOD_MATCH = YES;
				"CODE_SIGN_IDENTITY[sdk=iphoneos*]" = "iPhone Developer";
				COPY_PHASE_STRIP = NO;
				DEBUG_INFORMATION_FORMAT = dwarf;
				ENABLE_STRICT_OBJC_MSGSEND = YES;
				ENABLE_TESTABILITY = YES;
				GCC_C_LANGUAGE_STANDARD = gnu99;
				GCC_DYNAMIC_NO_PIC = NO;
				GCC_NO_COMMON_BLOCKS = YES;
				GCC_OPTIMIZATION_LEVEL = 0;
				GCC_PREPROCESSOR_DEFINITIONS = (
					"DEBUG=1",
					"$(inherited)",
				);
				GCC_WARN_64_TO_32_BIT_CONVERSION = YES;
				GCC_WARN_ABOUT_RETURN_TYPE = YES_ERROR;
				GCC_WARN_UNDECLARED_SELECTOR = YES;
				GCC_WARN_UNINITIALIZED_AUTOS = YES_AGGRESSIVE;
				GCC_WARN_UNUSED_FUNCTION = YES;
				GCC_WARN_UNUSED_VARIABLE = YES;
				IPHONEOS_DEPLOYMENT_TARGET = 10.0;
				MTL_ENABLE_DEBUG_INFO = YES;
				ONLY_ACTIVE_ARCH = YES;
				SDKROOT = iphoneos;
				SWIFT_ACTIVE_COMPILATION_CONDITIONS = DEBUG;
				SWIFT_OPTIMIZATION_LEVEL = "-Onone";
				TARGETED_DEVICE_FAMILY = "1,2";
			};
			name = Debug;
		};
		A04657B11D6621DC00963F29 /* Release */ = {
			isa = XCBuildConfiguration;
			buildSettings = {
				ALWAYS_SEARCH_USER_PATHS = NO;
				CLANG_ANALYZER_NONNULL = YES;
				CLANG_CXX_LANGUAGE_STANDARD = "gnu++0x";
				CLANG_CXX_LIBRARY = "libc++";
				CLANG_ENABLE_MODULES = YES;
				CLANG_ENABLE_OBJC_ARC = YES;
				CLANG_WARN_BOOL_CONVERSION = YES;
				CLANG_WARN_CONSTANT_CONVERSION = YES;
				CLANG_WARN_DIRECT_OBJC_ISA_USAGE = YES_ERROR;
				CLANG_WARN_DOCUMENTATION_COMMENTS = YES;
				CLANG_WARN_EMPTY_BODY = YES;
				CLANG_WARN_ENUM_CONVERSION = YES;
				CLANG_WARN_INFINITE_RECURSION = YES;
				CLANG_WARN_INT_CONVERSION = YES;
				CLANG_WARN_OBJC_ROOT_CLASS = YES_ERROR;
				CLANG_WARN_SUSPICIOUS_MOVES = YES;
				CLANG_WARN_UNREACHABLE_CODE = YES;
				CLANG_WARN__DUPLICATE_METHOD_MATCH = YES;
				"CODE_SIGN_IDENTITY[sdk=iphoneos*]" = "iPhone Developer";
				COPY_PHASE_STRIP = NO;
				DEBUG_INFORMATION_FORMAT = "dwarf-with-dsym";
				ENABLE_NS_ASSERTIONS = NO;
				ENABLE_STRICT_OBJC_MSGSEND = YES;
				GCC_C_LANGUAGE_STANDARD = gnu99;
				GCC_NO_COMMON_BLOCKS = YES;
				GCC_WARN_64_TO_32_BIT_CONVERSION = YES;
				GCC_WARN_ABOUT_RETURN_TYPE = YES_ERROR;
				GCC_WARN_UNDECLARED_SELECTOR = YES;
				GCC_WARN_UNINITIALIZED_AUTOS = YES_AGGRESSIVE;
				GCC_WARN_UNUSED_FUNCTION = YES;
				GCC_WARN_UNUSED_VARIABLE = YES;
				IPHONEOS_DEPLOYMENT_TARGET = 10.0;
				MTL_ENABLE_DEBUG_INFO = NO;
				SDKROOT = iphoneos;
				SWIFT_OPTIMIZATION_LEVEL = "-Owholemodule";
				TARGETED_DEVICE_FAMILY = "1,2";
				VALIDATE_PRODUCT = YES;
			};
			name = Release;
		};
		A04657B31D6621DC00963F29 /* Debug */ = {
			isa = XCBuildConfiguration;
			buildSettings = {
				ASSETCATALOG_COMPILER_APPICON_NAME = AppIcon;
				INFOPLIST_FILE = UIScrollView/Info.plist;
				LD_RUNPATH_SEARCH_PATHS = "$(inherited) @executable_path/Frameworks";
				PRODUCT_BUNDLE_IDENTIFIER = com.tsuhako.UIScrollView;
				PRODUCT_NAME = "$(TARGET_NAME)";
				SWIFT_VERSION = 3.0;
			};
			name = Debug;
		};
		A04657B41D6621DC00963F29 /* Release */ = {
			isa = XCBuildConfiguration;
			buildSettings = {
				ASSETCATALOG_COMPILER_APPICON_NAME = AppIcon;
				INFOPLIST_FILE = UIScrollView/Info.plist;
				LD_RUNPATH_SEARCH_PATHS = "$(inherited) @executable_path/Frameworks";
				PRODUCT_BUNDLE_IDENTIFIER = com.tsuhako.UIScrollView;
				PRODUCT_NAME = "$(TARGET_NAME)";
				SWIFT_VERSION = 3.0;
			};
			name = Release;
		};
		A04657B61D6621DC00963F29 /* Debug */ = {
			isa = XCBuildConfiguration;
			buildSettings = {
				BUNDLE_LOADER = "$(TEST_HOST)";
				INFOPLIST_FILE = UIScrollViewTests/Info.plist;
				LD_RUNPATH_SEARCH_PATHS = "$(inherited) @executable_path/Frameworks @loader_path/Frameworks";
				PRODUCT_BUNDLE_IDENTIFIER = com.tsuhako.UIScrollViewTests;
				PRODUCT_NAME = "$(TARGET_NAME)";
				SWIFT_VERSION = 3.0;
				TEST_HOST = "$(BUILT_PRODUCTS_DIR)/UIScrollView.app/UIScrollView";
			};
			name = Debug;
		};
		A04657B71D6621DC00963F29 /* Release */ = {
			isa = XCBuildConfiguration;
			buildSettings = {
				BUNDLE_LOADER = "$(TEST_HOST)";
				INFOPLIST_FILE = UIScrollViewTests/Info.plist;
				LD_RUNPATH_SEARCH_PATHS = "$(inherited) @executable_path/Frameworks @loader_path/Frameworks";
				PRODUCT_BUNDLE_IDENTIFIER = com.tsuhako.UIScrollViewTests;
				PRODUCT_NAME = "$(TARGET_NAME)";
				SWIFT_VERSION = 3.0;
				TEST_HOST = "$(BUILT_PRODUCTS_DIR)/UIScrollView.app/UIScrollView";
			};
			name = Release;
		};
		A04657B91D6621DC00963F29 /* Debug */ = {
			isa = XCBuildConfiguration;
			buildSettings = {
				INFOPLIST_FILE = UIScrollViewUITests/Info.plist;
				LD_RUNPATH_SEARCH_PATHS = "$(inherited) @executable_path/Frameworks @loader_path/Frameworks";
				PRODUCT_BUNDLE_IDENTIFIER = com.tsuhako.UIScrollViewUITests;
				PRODUCT_NAME = "$(TARGET_NAME)";
				SWIFT_VERSION = 3.0;
				TEST_TARGET_NAME = UIScrollView;
			};
			name = Debug;
		};
		A04657BA1D6621DC00963F29 /* Release */ = {
			isa = XCBuildConfiguration;
			buildSettings = {
				INFOPLIST_FILE = UIScrollViewUITests/Info.plist;
				LD_RUNPATH_SEARCH_PATHS = "$(inherited) @executable_path/Frameworks @loader_path/Frameworks";
				PRODUCT_BUNDLE_IDENTIFIER = com.tsuhako.UIScrollViewUITests;
				PRODUCT_NAME = "$(TARGET_NAME)";
				SWIFT_VERSION = 3.0;
				TEST_TARGET_NAME = UIScrollView;
			};
			name = Release;
		};
/* End XCBuildConfiguration section */

/* Begin XCConfigurationList section */
		A04657851D6621DB00963F29 /* Build configuration list for PBXProject "UIScrollView" */ = {
			isa = XCConfigurationList;
			buildConfigurations = (
				A04657B01D6621DC00963F29 /* Debug */,
				A04657B11D6621DC00963F29 /* Release */,
			);
			defaultConfigurationIsVisible = 0;
			defaultConfigurationName = Release;
		};
		A04657B21D6621DC00963F29 /* Build configuration list for PBXNativeTarget "UIScrollView" */ = {
			isa = XCConfigurationList;
			buildConfigurations = (
				A04657B31D6621DC00963F29 /* Debug */,
				A04657B41D6621DC00963F29 /* Release */,
			);
			defaultConfigurationIsVisible = 0;
		};
		A04657B51D6621DC00963F29 /* Build configuration list for PBXNativeTarget "UIScrollViewTests" */ = {
			isa = XCConfigurationList;
			buildConfigurations = (
				A04657B61D6621DC00963F29 /* Debug */,
				A04657B71D6621DC00963F29 /* Release */,
			);
			defaultConfigurationIsVisible = 0;
		};
		A04657B81D6621DC00963F29 /* Build configuration list for PBXNativeTarget "UIScrollViewUITests" */ = {
			isa = XCConfigurationList;
			buildConfigurations = (
				A04657B91D6621DC00963F29 /* Debug */,
				A04657BA1D6621DC00963F29 /* Release */,
			);
			defaultConfigurationIsVisible = 0;
		};
/* End XCConfigurationList section */
	};
	rootObject = A04657821D6621DB00963F29 /* Project object */;
}
